
Microsoft Visual Studio Solution File, Format Version 12.00
# Visual Studio Version 17
VisualStudioVersion = 17.9.34728.123
MinimumVisualStudioVersion = 10.0.40219.1
Project("{FAE04EC0-301F-11D3-BF4B-00C04F79EFBC}") = "DZ2DZ3", "DZ2DZ3\DZ2DZ3.csproj", "{B4812E80-BE61-4CBA-9615-7F5F56F15494}"
EndProject
Global
	GlobalSection(SolutionConfigurationPlatforms) = preSolution
		Debug|Any CPU = Debug|Any CPU
		Release|Any CPU = Release|Any CPU
	EndGlobalSection
	GlobalSection(ProjectConfigurationPlatforms) = postSolution
		{B4812E80-BE61-4CBA-9615-7F5F56F15494}.Debug|Any CPU.ActiveCfg = Debug|Any CPU
		{B4812E80-BE61-4CBA-9615-7F5F56F15494}.Debug|Any CPU.Build.0 = Debug|Any CPU
		{B4812E80-BE61-4CBA-9615-7F5F56F15494}.Release|Any CPU.ActiveCfg = Release|Any CPU
		{B4812E80-BE61-4CBA-9615-7F5F56F15494}.Release|Any CPU.Build.0 = Release|Any CPU
	EndGlobalSection
	GlobalSection(SolutionProperties) = preSolution
		HideSolutionNode = FALSE
	EndGlobalSection
	GlobalSection(ExtensibilityGlobals) = postSolution
		SolutionGuid = {A23E66A3-90F4-457C-8CBB-33CF8ED93193}
	EndGlobalSection
EndGlobal
